
Microsoft Visual Studio Solution File, Format Version 12.00
# Visual Studio Version 16
VisualStudioVersion = 16.0.31424.327
MinimumVisualStudioVersion = 10.0.40219.1
Project("{8BC9CEB8-8B4A-11D0-8D11-00A0C91BC942}") = "control1", "control1.vcxproj", "{019DCAA0-48D1-4ED3-AF8A-DD0D34ADAF27}"
EndProject
Global
	GlobalSection(SolutionConfigurationPlatforms) = preSolution
		Debug|x64 = Debug|x64
		Debug|x86 = Debug|x86
		Release|x64 = Release|x64
		Release|x86 = Release|x86
	EndGlobalSection
	GlobalSection(ProjectConfigurationPlatforms) = postSolution
		{019DCAA0-48D1-4ED3-AF8A-DD0D34ADAF27}.Debug|x64.ActiveCfg = Debug|x64
		{019DCAA0-48D1-4ED3-AF8A-DD0D34ADAF27}.Debug|x64.Build.0 = Debug|x64
		{019DCAA0-48D1-4ED3-AF8A-DD0D34ADAF27}.Debug|x86.ActiveCfg = Debug|Win32
		{019DCAA0-48D1-4ED3-AF8A-DD0D34ADAF27}.Debug|x86.Build.0 = Debug|Win32
		{019DCAA0-48D1-4ED3-AF8A-DD0D34ADAF27}.Release|x64.ActiveCfg = Release|x64
		{019DCAA0-48D1-4ED3-AF8A-DD0D34ADAF27}.Release|x64.Build.0 = Release|x64
		{019DCAA0-48D1-4ED3-AF8A-DD0D34ADAF27}.Release|x86.ActiveCfg = Release|Win32
		{019DCAA0-48D1-4ED3-AF8A-DD0D34ADAF27}.Release|x86.Build.0 = Release|Win32
	EndGlobalSection
	GlobalSection(SolutionProperties) = preSolution
		HideSolutionNode = FALSE
	EndGlobalSection
	GlobalSection(ExtensibilityGlobals) = postSolution
		SolutionGuid = {5F377FF6-815E-40B0-A728-F2DC49EBA417}
	EndGlobalSection
EndGlobal
